// !$*UTF8*$!
{
	archiveVersion = 1;
	classes = {
	};
	objectVersion = 56;
	objects = {

/* Begin PBXBuildFile section */
		0BE3B2EA2BC1D87B005BE7E1 /* HomepageView.swift in Sources */ = {isa = PBXBuildFile; fileRef = 0BE3B2E92BC1D87B005BE7E1 /* HomepageView.swift */; };
		0BE3B2EE2BC2039B005BE7E1 /* YouAre.swift in Sources */ = {isa = PBXBuildFile; fileRef = 0BE3B2ED2BC2039B005BE7E1 /* YouAre.swift */; };
		0BE3B2F42BC20B9C005BE7E1 /* AuthClass.swift in Sources */ = {isa = PBXBuildFile; fileRef = 0BE3B2F32BC20B9C005BE7E1 /* AuthClass.swift */; };
		0BE3B2F82BC250AF005BE7E1 /* RecommendedMixes.swift in Sources */ = {isa = PBXBuildFile; fileRef = 0BE3B2F72BC250AF005BE7E1 /* RecommendedMixes.swift */; };
		0BE3B2FC2BC254E0005BE7E1 /* MoodRecommendations.swift in Sources */ = {isa = PBXBuildFile; fileRef = 0BE3B2FB2BC254E0005BE7E1 /* MoodRecommendations.swift */; };
		0BE3B2FE2BC29707005BE7E1 /* DeterminePersona.swift in Sources */ = {isa = PBXBuildFile; fileRef = 0BE3B2FD2BC29707005BE7E1 /* DeterminePersona.swift */; };
		6872160A2BC1B982006636B2 /* LoginSignUp.swift in Sources */ = {isa = PBXBuildFile; fileRef = 687216092BC1B982006636B2 /* LoginSignUp.swift */; };
		687642D12BBBA68900FA58E6 /* WildHacks2024App.swift in Sources */ = {isa = PBXBuildFile; fileRef = 687642D02BBBA68900FA58E6 /* WildHacks2024App.swift */; };
		687642D32BBBA68900FA58E6 /* ContentView.swift in Sources */ = {isa = PBXBuildFile; fileRef = 687642D22BBBA68900FA58E6 /* ContentView.swift */; };
		687642D52BBBA68D00FA58E6 /* Assets.xcassets in Resources */ = {isa = PBXBuildFile; fileRef = 687642D42BBBA68D00FA58E6 /* Assets.xcassets */; };
		687642D82BBBA68D00FA58E6 /* Preview Assets.xcassets in Resources */ = {isa = PBXBuildFile; fileRef = 687642D72BBBA68D00FA58E6 /* Preview Assets.xcassets */; };
		687642E22BBBA68D00FA58E6 /* WildHacks2024Tests.swift in Sources */ = {isa = PBXBuildFile; fileRef = 687642E12BBBA68D00FA58E6 /* WildHacks2024Tests.swift */; };
		687642EC2BBBA68D00FA58E6 /* WildHacks2024UITests.swift in Sources */ = {isa = PBXBuildFile; fileRef = 687642EB2BBBA68D00FA58E6 /* WildHacks2024UITests.swift */; };
		687642EE2BBBA68D00FA58E6 /* WildHacks2024UITestsLaunchTests.swift in Sources */ = {isa = PBXBuildFile; fileRef = 687642ED2BBBA68D00FA58E6 /* WildHacks2024UITestsLaunchTests.swift */; };
		68E78A9D2BC1BF9900C0C421 /* IntroMood.swift in Sources */ = {isa = PBXBuildFile; fileRef = 68E78A9C2BC1BF9900C0C421 /* IntroMood.swift */; };
/* End PBXBuildFile section */

/* Begin PBXContainerItemProxy section */
		687642DE2BBBA68D00FA58E6 /* PBXContainerItemProxy */ = {
			isa = PBXContainerItemProxy;
			containerPortal = 687642C52BBBA68900FA58E6 /* Project object */;
			proxyType = 1;
			remoteGlobalIDString = 687642CC2BBBA68900FA58E6;
			remoteInfo = WildHacks2024;
		};
		687642E82BBBA68D00FA58E6 /* PBXContainerItemProxy */ = {
			isa = PBXContainerItemProxy;
			containerPortal = 687642C52BBBA68900FA58E6 /* Project object */;
			proxyType = 1;
			remoteGlobalIDString = 687642CC2BBBA68900FA58E6;
			remoteInfo = WildHacks2024;
		};
/* End PBXContainerItemProxy section */

/* Begin PBXFileReference section */
		0BE3B2E92BC1D87B005BE7E1 /* HomepageView.swift */ = {isa = PBXFileReference; lastKnownFileType = sourcecode.swift; path = HomepageView.swift; sourceTree = "<group>"; };
		0BE3B2ED2BC2039B005BE7E1 /* YouAre.swift */ = {isa = PBXFileReference; lastKnownFileType = sourcecode.swift; path = YouAre.swift; sourceTree = "<group>"; };
		0BE3B2F32BC20B9C005BE7E1 /* AuthClass.swift */ = {isa = PBXFileReference; lastKnownFileType = sourcecode.swift; path = AuthClass.swift; sourceTree = "<group>"; };
		0BE3B2F72BC250AF005BE7E1 /* RecommendedMixes.swift */ = {isa = PBXFileReference; lastKnownFileType = sourcecode.swift; path = RecommendedMixes.swift; sourceTree = "<group>"; };
		0BE3B2FB2BC254E0005BE7E1 /* MoodRecommendations.swift */ = {isa = PBXFileReference; lastKnownFileType = sourcecode.swift; path = MoodRecommendations.swift; sourceTree = "<group>"; };
		0BE3B2FD2BC29707005BE7E1 /* DeterminePersona.swift */ = {isa = PBXFileReference; lastKnownFileType = sourcecode.swift; path = DeterminePersona.swift; sourceTree = "<group>"; };
		687216092BC1B982006636B2 /* LoginSignUp.swift */ = {isa = PBXFileReference; lastKnownFileType = sourcecode.swift; path = LoginSignUp.swift; sourceTree = "<group>"; };
		687642CD2BBBA68900FA58E6 /* WildHacks2024.app */ = {isa = PBXFileReference; explicitFileType = wrapper.application; includeInIndex = 0; path = WildHacks2024.app; sourceTree = BUILT_PRODUCTS_DIR; };
		687642D02BBBA68900FA58E6 /* WildHacks2024App.swift */ = {isa = PBXFileReference; lastKnownFileType = sourcecode.swift; path = WildHacks2024App.swift; sourceTree = "<group>"; };
		687642D22BBBA68900FA58E6 /* ContentView.swift */ = {isa = PBXFileReference; lastKnownFileType = sourcecode.swift; path = ContentView.swift; sourceTree = "<group>"; };
		687642D42BBBA68D00FA58E6 /* Assets.xcassets */ = {isa = PBXFileReference; lastKnownFileType = folder.assetcatalog; path = Assets.xcassets; sourceTree = "<group>"; };
		687642D72BBBA68D00FA58E6 /* Preview Assets.xcassets */ = {isa = PBXFileReference; lastKnownFileType = folder.assetcatalog; path = "Preview Assets.xcassets"; sourceTree = "<group>"; };
		687642DD2BBBA68D00FA58E6 /* WildHacks2024Tests.xctest */ = {isa = PBXFileReference; explicitFileType = wrapper.cfbundle; includeInIndex = 0; path = WildHacks2024Tests.xctest; sourceTree = BUILT_PRODUCTS_DIR; };
		687642E12BBBA68D00FA58E6 /* WildHacks2024Tests.swift */ = {isa = PBXFileReference; lastKnownFileType = sourcecode.swift; path = WildHacks2024Tests.swift; sourceTree = "<group>"; };
		687642E72BBBA68D00FA58E6 /* WildHacks2024UITests.xctest */ = {isa = PBXFileReference; explicitFileType = wrapper.cfbundle; includeInIndex = 0; path = WildHacks2024UITests.xctest; sourceTree = BUILT_PRODUCTS_DIR; };
		687642EB2BBBA68D00FA58E6 /* WildHacks2024UITests.swift */ = {isa = PBXFileReference; lastKnownFileType = sourcecode.swift; path = WildHacks2024UITests.swift; sourceTree = "<group>"; };
		687642ED2BBBA68D00FA58E6 /* WildHacks2024UITestsLaunchTests.swift */ = {isa = PBXFileReference; lastKnownFileType = sourcecode.swift; path = WildHacks2024UITestsLaunchTests.swift; sourceTree = "<group>"; };
		68E78A9C2BC1BF9900C0C421 /* IntroMood.swift */ = {isa = PBXFileReference; lastKnownFileType = sourcecode.swift; path = IntroMood.swift; sourceTree = "<group>"; };
/* End PBXFileReference section */

/* Begin PBXFrameworksBuildPhase section */
		687642CA2BBBA68900FA58E6 /* Frameworks */ = {
			isa = PBXFrameworksBuildPhase;
			buildActionMask = 2147483647;
			files = (
			);
			runOnlyForDeploymentPostprocessing = 0;
		};
		687642DA2BBBA68D00FA58E6 /* Frameworks */ = {
			isa = PBXFrameworksBuildPhase;
			buildActionMask = 2147483647;
			files = (
			);
			runOnlyForDeploymentPostprocessing = 0;
		};
		687642E42BBBA68D00FA58E6 /* Frameworks */ = {
			isa = PBXFrameworksBuildPhase;
			buildActionMask = 2147483647;
			files = (
			);
			runOnlyForDeploymentPostprocessing = 0;
		};
/* End PBXFrameworksBuildPhase section */

/* Begin PBXGroup section */
		687642C42BBBA68900FA58E6 = {
			isa = PBXGroup;
			children = (
				687642CF2BBBA68900FA58E6 /* WildHacks2024 */,
				687642E02BBBA68D00FA58E6 /* WildHacks2024Tests */,
				687642EA2BBBA68D00FA58E6 /* WildHacks2024UITests */,
				687642CE2BBBA68900FA58E6 /* Products */,
			);
			sourceTree = "<group>";
		};
		687642CE2BBBA68900FA58E6 /* Products */ = {
			isa = PBXGroup;
			children = (
				687642CD2BBBA68900FA58E6 /* WildHacks2024.app */,
				687642DD2BBBA68D00FA58E6 /* WildHacks2024Tests.xctest */,
				687642E72BBBA68D00FA58E6 /* WildHacks2024UITests.xctest */,
			);
			name = Products;
			sourceTree = "<group>";
		};
		687642CF2BBBA68900FA58E6 /* WildHacks2024 */ = {
			isa = PBXGroup;
			children = (
				687642D02BBBA68900FA58E6 /* WildHacks2024App.swift */,
				687642D22BBBA68900FA58E6 /* ContentView.swift */,
				687216092BC1B982006636B2 /* LoginSignUp.swift */,
				0BE3B2F32BC20B9C005BE7E1 /* AuthClass.swift */,
				0BE3B2ED2BC2039B005BE7E1 /* YouAre.swift */,
				0BE3B2FD2BC29707005BE7E1 /* DeterminePersona.swift */,
				0BE3B2F72BC250AF005BE7E1 /* RecommendedMixes.swift */,
				0BE3B2E92BC1D87B005BE7E1 /* HomepageView.swift */,
				68E78A9C2BC1BF9900C0C421 /* IntroMood.swift */,
				0BE3B2FB2BC254E0005BE7E1 /* MoodRecommendations.swift */,
				687642D42BBBA68D00FA58E6 /* Assets.xcassets */,
				687642D62BBBA68D00FA58E6 /* Preview Content */,
			);
			path = WildHacks2024;
			sourceTree = "<group>";
		};
		687642D62BBBA68D00FA58E6 /* Preview Content */ = {
			isa = PBXGroup;
			children = (
				687642D72BBBA68D00FA58E6 /* Preview Assets.xcassets */,
			);
			path = "Preview Content";
			sourceTree = "<group>";
		};
		687642E02BBBA68D00FA58E6 /* WildHacks2024Tests */ = {
			isa = PBXGroup;
			children = (
				687642E12BBBA68D00FA58E6 /* WildHacks2024Tests.swift */,
			);
			path = WildHacks2024Tests;
			sourceTree = "<group>";
		};
		687642EA2BBBA68D00FA58E6 /* WildHacks2024UITests */ = {
			isa = PBXGroup;
			children = (
				687642EB2BBBA68D00FA58E6 /* WildHacks2024UITests.swift */,
				687642ED2BBBA68D00FA58E6 /* WildHacks2024UITestsLaunchTests.swift */,
			);
			path = WildHacks2024UITests;
			sourceTree = "<group>";
		};
/* End PBXGroup section */

/* Begin PBXNativeTarget section */
		687642CC2BBBA68900FA58E6 /* WildHacks2024 */ = {
			isa = PBXNativeTarget;
			buildConfigurationList = 687642F12BBBA68D00FA58E6 /* Build configuration list for PBXNativeTarget "WildHacks2024" */;
			buildPhases = (
				687642C92BBBA68900FA58E6 /* Sources */,
				687642CA2BBBA68900FA58E6 /* Frameworks */,
				687642CB2BBBA68900FA58E6 /* Resources */,
			);
			buildRules = (
			);
			dependencies = (
			);
			name = WildHacks2024;
			productName = WildHacks2024;
			productReference = 687642CD2BBBA68900FA58E6 /* WildHacks2024.app */;
			productType = "com.apple.product-type.application";
		};
		687642DC2BBBA68D00FA58E6 /* WildHacks2024Tests */ = {
			isa = PBXNativeTarget;
			buildConfigurationList = 687642F42BBBA68D00FA58E6 /* Build configuration list for PBXNativeTarget "WildHacks2024Tests" */;
			buildPhases = (
				687642D92BBBA68D00FA58E6 /* Sources */,
				687642DA2BBBA68D00FA58E6 /* Frameworks */,
				687642DB2BBBA68D00FA58E6 /* Resources */,
			);
			buildRules = (
			);
			dependencies = (
				687642DF2BBBA68D00FA58E6 /* PBXTargetDependency */,
			);
			name = WildHacks2024Tests;
			productName = WildHacks2024Tests;
			productReference = 687642DD2BBBA68D00FA58E6 /* WildHacks2024Tests.xctest */;
			productType = "com.apple.product-type.bundle.unit-test";
		};
		687642E62BBBA68D00FA58E6 /* WildHacks2024UITests */ = {
			isa = PBXNativeTarget;
			buildConfigurationList = 687642F72BBBA68D00FA58E6 /* Build configuration list for PBXNativeTarget "WildHacks2024UITests" */;
			buildPhases = (
				687642E32BBBA68D00FA58E6 /* Sources */,
				687642E42BBBA68D00FA58E6 /* Frameworks */,
				687642E52BBBA68D00FA58E6 /* Resources */,
			);
			buildRules = (
			);
			dependencies = (
				687642E92BBBA68D00FA58E6 /* PBXTargetDependency */,
			);
			name = WildHacks2024UITests;
			productName = WildHacks2024UITests;
			productReference = 687642E72BBBA68D00FA58E6 /* WildHacks2024UITests.xctest */;
			productType = "com.apple.product-type.bundle.ui-testing";
		};
/* End PBXNativeTarget section */

/* Begin PBXProject section */
		687642C52BBBA68900FA58E6 /* Project object */ = {
			isa = PBXProject;
			attributes = {
				BuildIndependentTargetsInParallel = 1;
				LastSwiftUpdateCheck = 1430;
				LastUpgradeCheck = 1430;
				TargetAttributes = {
					687642CC2BBBA68900FA58E6 = {
						CreatedOnToolsVersion = 14.3;
					};
					687642DC2BBBA68D00FA58E6 = {
						CreatedOnToolsVersion = 14.3;
						TestTargetID = 687642CC2BBBA68900FA58E6;
					};
					687642E62BBBA68D00FA58E6 = {
						CreatedOnToolsVersion = 14.3;
						TestTargetID = 687642CC2BBBA68900FA58E6;
					};
				};
			};
			buildConfigurationList = 687642C82BBBA68900FA58E6 /* Build configuration list for PBXProject "WildHacks2024" */;
			compatibilityVersion = "Xcode 14.0";
			developmentRegion = en;
			hasScannedForEncodings = 0;
			knownRegions = (
				en,
				Base,
			);
			mainGroup = 687642C42BBBA68900FA58E6;
			productRefGroup = 687642CE2BBBA68900FA58E6 /* Products */;
			projectDirPath = "";
			projectRoot = "";
			targets = (
				687642CC2BBBA68900FA58E6 /* WildHacks2024 */,
				687642DC2BBBA68D00FA58E6 /* WildHacks2024Tests */,
				687642E62BBBA68D00FA58E6 /* WildHacks2024UITests */,
			);
		};
/* End PBXProject section */

/* Begin PBXResourcesBuildPhase section */
		687642CB2BBBA68900FA58E6 /* Resources */ = {
			isa = PBXResourcesBuildPhase;
			buildActionMask = 2147483647;
			files = (
				687642D82BBBA68D00FA58E6 /* Preview Assets.xcassets in Resources */,
				687642D52BBBA68D00FA58E6 /* Assets.xcassets in Resources */,
			);
			runOnlyForDeploymentPostprocessing = 0;
		};
		687642DB2BBBA68D00FA58E6 /* Resources */ = {
			isa = PBXResourcesBuildPhase;
			buildActionMask = 2147483647;
			files = (
			);
			runOnlyForDeploymentPostprocessing = 0;
		};
		687642E52BBBA68D00FA58E6 /* Resources */ = {
			isa = PBXResourcesBuildPhase;
			buildActionMask = 2147483647;
			files = (
			);
			runOnlyForDeploymentPostprocessing = 0;
		};
/* End PBXResourcesBuildPhase section */

/* Begin PBXSourcesBuildPhase section */
		687642C92BBBA68900FA58E6 /* Sources */ = {
			isa = PBXSourcesBuildPhase;
			buildActionMask = 2147483647;
			files = (
				687642D32BBBA68900FA58E6 /* ContentView.swift in Sources */,
				0BE3B2F42BC20B9C005BE7E1 /* AuthClass.swift in Sources */,
				0BE3B2F82BC250AF005BE7E1 /* RecommendedMixes.swift in Sources */,
				68E78A9D2BC1BF9900C0C421 /* IntroMood.swift in Sources */,
				0BE3B2FC2BC254E0005BE7E1 /* MoodRecommendations.swift in Sources */,
				0BE3B2EA2BC1D87B005BE7E1 /* HomepageView.swift in Sources */,
				687642D12BBBA68900FA58E6 /* WildHacks2024App.swift in Sources */,
				0BE3B2EE2BC2039B005BE7E1 /* YouAre.swift in Sources */,
				0BE3B2FE2BC29707005BE7E1 /* DeterminePersona.swift in Sources */,
				6872160A2BC1B982006636B2 /* LoginSignUp.swift in Sources */,
			);
			runOnlyForDeploymentPostprocessing = 0;
		};
		687642D92BBBA68D00FA58E6 /* Sources */ = {
			isa = PBXSourcesBuildPhase;
			buildActionMask = 2147483647;
			files = (
				687642E22BBBA68D00FA58E6 /* WildHacks2024Tests.swift in Sources */,
			);
			runOnlyForDeploymentPostprocessing = 0;
		};
		687642E32BBBA68D00FA58E6 /* Sources */ = {
			isa = PBXSourcesBuildPhase;
			buildActionMask = 2147483647;
			files = (
				687642EC2BBBA68D00FA58E6 /* WildHacks2024UITests.swift in Sources */,
				687642EE2BBBA68D00FA58E6 /* WildHacks2024UITestsLaunchTests.swift in Sources */,
			);
			runOnlyForDeploymentPostprocessing = 0;
		};
/* End PBXSourcesBuildPhase section */

/* Begin PBXTargetDependency section */
		687642DF2BBBA68D00FA58E6 /* PBXTargetDependency */ = {
			isa = PBXTargetDependency;
			target = 687642CC2BBBA68900FA58E6 /* WildHacks2024 */;
			targetProxy = 687642DE2BBBA68D00FA58E6 /* PBXContainerItemProxy */;
		};
		687642E92BBBA68D00FA58E6 /* PBXTargetDependency */ = {
			isa = PBXTargetDependency;
			target = 687642CC2BBBA68900FA58E6 /* WildHacks2024 */;
			targetProxy = 687642E82BBBA68D00FA58E6 /* PBXContainerItemProxy */;
		};
/* End PBXTargetDependency section */

/* Begin XCBuildConfiguration section */
		687642EF2BBBA68D00FA58E6 /* Debug */ = {
			isa = XCBuildConfiguration;
			buildSettings = {
				ALWAYS_SEARCH_USER_PATHS = NO;
				CLANG_ANALYZER_NONNULL = YES;
				CLANG_ANALYZER_NUMBER_OBJECT_CONVERSION = YES_AGGRESSIVE;
				CLANG_CXX_LANGUAGE_STANDARD = "gnu++20";
				CLANG_ENABLE_MODULES = YES;
				CLANG_ENABLE_OBJC_ARC = YES;
				CLANG_ENABLE_OBJC_WEAK = YES;
				CLANG_WARN_BLOCK_CAPTURE_AUTORELEASING = YES;
				CLANG_WARN_BOOL_CONVERSION = YES;
				CLANG_WARN_COMMA = YES;
				CLANG_WARN_CONSTANT_CONVERSION = YES;
				CLANG_WARN_DEPRECATED_OBJC_IMPLEMENTATIONS = YES;
				CLANG_WARN_DIRECT_OBJC_ISA_USAGE = YES_ERROR;
				CLANG_WARN_DOCUMENTATION_COMMENTS = YES;
				CLANG_WARN_EMPTY_BODY = YES;
				CLANG_WARN_ENUM_CONVERSION = YES;
				CLANG_WARN_INFINITE_RECURSION = YES;
				CLANG_WARN_INT_CONVERSION = YES;
				CLANG_WARN_NON_LITERAL_NULL_CONVERSION = YES;
				CLANG_WARN_OBJC_IMPLICIT_RETAIN_SELF = YES;
				CLANG_WARN_OBJC_LITERAL_CONVERSION = YES;
				CLANG_WARN_OBJC_ROOT_CLASS = YES_ERROR;
				CLANG_WARN_QUOTED_INCLUDE_IN_FRAMEWORK_HEADER = YES;
				CLANG_WARN_RANGE_LOOP_ANALYSIS = YES;
				CLANG_WARN_STRICT_PROTOTYPES = YES;
				CLANG_WARN_SUSPICIOUS_MOVE = YES;
				CLANG_WARN_UNGUARDED_AVAILABILITY = YES_AGGRESSIVE;
				CLANG_WARN_UNREACHABLE_CODE = YES;
				CLANG_WARN__DUPLICATE_METHOD_MATCH = YES;
				COPY_PHASE_STRIP = NO;
				DEBUG_INFORMATION_FORMAT = dwarf;
				ENABLE_STRICT_OBJC_MSGSEND = YES;
				ENABLE_TESTABILITY = YES;
				GCC_C_LANGUAGE_STANDARD = gnu11;
				GCC_DYNAMIC_NO_PIC = NO;
				GCC_NO_COMMON_BLOCKS = YES;
				GCC_OPTIMIZATION_LEVEL = 0;
				GCC_PREPROCESSOR_DEFINITIONS = (
					"DEBUG=1",
					"$(inherited)",
				);
				GCC_WARN_64_TO_32_BIT_CONVERSION = YES;
				GCC_WARN_ABOUT_RETURN_TYPE = YES_ERROR;
				GCC_WARN_UNDECLARED_SELECTOR = YES;
				GCC_WARN_UNINITIALIZED_AUTOS = YES_AGGRESSIVE;
				GCC_WARN_UNUSED_FUNCTION = YES;
				GCC_WARN_UNUSED_VARIABLE = YES;
				IPHONEOS_DEPLOYMENT_TARGET = 16.4;
				MTL_ENABLE_DEBUG_INFO = INCLUDE_SOURCE;
				MTL_FAST_MATH = YES;
				ONLY_ACTIVE_ARCH = YES;
				SDKROOT = iphoneos;
				SWIFT_ACTIVE_COMPILATION_CONDITIONS = DEBUG;
				SWIFT_OPTIMIZATION_LEVEL = "-Onone";
			};
			name = Debug;
		};
		687642F02BBBA68D00FA58E6 /* Release */ = {
			isa = XCBuildConfiguration;
			buildSettings = {
				ALWAYS_SEARCH_USER_PATHS = NO;
				CLANG_ANALYZER_NONNULL = YES;
				CLANG_ANALYZER_NUMBER_OBJECT_CONVERSION = YES_AGGRESSIVE;
				CLANG_CXX_LANGUAGE_STANDARD = "gnu++20";
				CLANG_ENABLE_MODULES = YES;
				CLANG_ENABLE_OBJC_ARC = YES;
				CLANG_ENABLE_OBJC_WEAK = YES;
				CLANG_WARN_BLOCK_CAPTURE_AUTORELEASING = YES;
				CLANG_WARN_BOOL_CONVERSION = YES;
				CLANG_WARN_COMMA = YES;
				CLANG_WARN_CONSTANT_CONVERSION = YES;
				CLANG_WARN_DEPRECATED_OBJC_IMPLEMENTATIONS = YES;
				CLANG_WARN_DIRECT_OBJC_ISA_USAGE = YES_ERROR;
				CLANG_WARN_DOCUMENTATION_COMMENTS = YES;
				CLANG_WARN_EMPTY_BODY = YES;
				CLANG_WARN_ENUM_CONVERSION = YES;
				CLANG_WARN_INFINITE_RECURSION = YES;
				CLANG_WARN_INT_CONVERSION = YES;
				CLANG_WARN_NON_LITERAL_NULL_CONVERSION = YES;
				CLANG_WARN_OBJC_IMPLICIT_RETAIN_SELF = YES;
				CLANG_WARN_OBJC_LITERAL_CONVERSION = YES;
				CLANG_WARN_OBJC_ROOT_CLASS = YES_ERROR;
				CLANG_WARN_QUOTED_INCLUDE_IN_FRAMEWORK_HEADER = YES;
				CLANG_WARN_RANGE_LOOP_ANALYSIS = YES;
				CLANG_WARN_STRICT_PROTOTYPES = YES;
				CLANG_WARN_SUSPICIOUS_MOVE = YES;
				CLANG_WARN_UNGUARDED_AVAILABILITY = YES_AGGRESSIVE;
				CLANG_WARN_UNREACHABLE_CODE = YES;
				CLANG_WARN__DUPLICATE_METHOD_MATCH = YES;
				COPY_PHASE_STRIP = NO;
				DEBUG_INFORMATION_FORMAT = "dwarf-with-dsym";
				ENABLE_NS_ASSERTIONS = NO;
				ENABLE_STRICT_OBJC_MSGSEND = YES;
				GCC_C_LANGUAGE_STANDARD = gnu11;
				GCC_NO_COMMON_BLOCKS = YES;
				GCC_WARN_64_TO_32_BIT_CONVERSION = YES;
				GCC_WARN_ABOUT_RETURN_TYPE = YES_ERROR;
				GCC_WARN_UNDECLARED_SELECTOR = YES;
				GCC_WARN_UNINITIALIZED_AUTOS = YES_AGGRESSIVE;
				GCC_WARN_UNUSED_FUNCTION = YES;
				GCC_WARN_UNUSED_VARIABLE = YES;
				IPHONEOS_DEPLOYMENT_TARGET = 16.4;
				MTL_ENABLE_DEBUG_INFO = NO;
				MTL_FAST_MATH = YES;
				SDKROOT = iphoneos;
				SWIFT_COMPILATION_MODE = wholemodule;
				SWIFT_OPTIMIZATION_LEVEL = "-O";
				VALIDATE_PRODUCT = YES;
			};
			name = Release;
		};
		687642F22BBBA68D00FA58E6 /* Debug */ = {
			isa = XCBuildConfiguration;
			buildSettings = {
				ASSETCATALOG_COMPILER_APPICON_NAME = AppIcon;
				ASSETCATALOG_COMPILER_GLOBAL_ACCENT_COLOR_NAME = AccentColor;
				CODE_SIGN_STYLE = Automatic;
				CURRENT_PROJECT_VERSION = 1;
				DEVELOPMENT_ASSET_PATHS = "\"WildHacks2024/Preview Content\"";
				ENABLE_PREVIEWS = YES;
				GENERATE_INFOPLIST_FILE = YES;
				INFOPLIST_KEY_UIApplicationSceneManifest_Generation = YES;
				INFOPLIST_KEY_UIApplicationSupportsIndirectInputEvents = YES;
				INFOPLIST_KEY_UILaunchScreen_Generation = YES;
				INFOPLIST_KEY_UISupportedInterfaceOrientations_iPad = "UIInterfaceOrientationPortrait UIInterfaceOrientationPortraitUpsideDown UIInterfaceOrientationLandscapeLeft UIInterfaceOrientationLandscapeRight";
				INFOPLIST_KEY_UISupportedInterfaceOrientations_iPhone = "UIInterfaceOrientationPortrait UIInterfaceOrientationLandscapeLeft UIInterfaceOrientationLandscapeRight";
				LD_RUNPATH_SEARCH_PATHS = (
					"$(inherited)",
					"@executable_path/Frameworks",
				);
				MARKETING_VERSION = 1.0;
				PRODUCT_BUNDLE_IDENTIFIER = NorthwesternWildHacks2024.WildHacks2024;
				PRODUCT_NAME = "$(TARGET_NAME)";
				SWIFT_EMIT_LOC_STRINGS = YES;
				SWIFT_VERSION = 5.0;
				TARGETED_DEVICE_FAMILY = "1,2";
			};
			name = Debug;
		};
		687642F32BBBA68D00FA58E6 /* Release */ = {
			isa = XCBuildConfiguration;
			buildSettings = {
				ASSETCATALOG_COMPILER_APPICON_NAME = AppIcon;
				ASSETCATALOG_COMPILER_GLOBAL_ACCENT_COLOR_NAME = AccentColor;
				CODE_SIGN_STYLE = Automatic;
				CURRENT_PROJECT_VERSION = 1;
				DEVELOPMENT_ASSET_PATHS = "\"WildHacks2024/Preview Content\"";
				ENABLE_PREVIEWS = YES;
				GENERATE_INFOPLIST_FILE = YES;
				INFOPLIST_KEY_UIApplicationSceneManifest_Generation = YES;
				INFOPLIST_KEY_UIApplicationSupportsIndirectInputEvents = YES;
				INFOPLIST_KEY_UILaunchScreen_Generation = YES;
				INFOPLIST_KEY_UISupportedInterfaceOrientations_iPad = "UIInterfaceOrientationPortrait UIInterfaceOrientationPortraitUpsideDown UIInterfaceOrientationLandscapeLeft UIInterfaceOrientationLandscapeRight";
				INFOPLIST_KEY_UISupportedInterfaceOrientations_iPhone = "UIInterfaceOrientationPortrait UIInterfaceOrientationLandscapeLeft UIInterfaceOrientationLandscapeRight";
				LD_RUNPATH_SEARCH_PATHS = (
					"$(inherited)",
					"@executable_path/Frameworks",
				);
				MARKETING_VERSION = 1.0;
				PRODUCT_BUNDLE_IDENTIFIER = NorthwesternWildHacks2024.WildHacks2024;
				PRODUCT_NAME = "$(TARGET_NAME)";
				SWIFT_EMIT_LOC_STRINGS = YES;
				SWIFT_VERSION = 5.0;
				TARGETED_DEVICE_FAMILY = "1,2";
			};
			name = Release;
		};
		687642F52BBBA68D00FA58E6 /* Debug */ = {
			isa = XCBuildConfiguration;
			buildSettings = {
				ALWAYS_EMBED_SWIFT_STANDARD_LIBRARIES = YES;
				BUNDLE_LOADER = "$(TEST_HOST)";
				CODE_SIGN_STYLE = Automatic;
				CURRENT_PROJECT_VERSION = 1;
				GENERATE_INFOPLIST_FILE = YES;
				IPHONEOS_DEPLOYMENT_TARGET = 16.4;
				MARKETING_VERSION = 1.0;
				PRODUCT_BUNDLE_IDENTIFIER = NorthwesternWildHacks2024.WildHacks2024Tests;
				PRODUCT_NAME = "$(TARGET_NAME)";
				SWIFT_EMIT_LOC_STRINGS = NO;
				SWIFT_VERSION = 5.0;
				TARGETED_DEVICE_FAMILY = "1,2";
				TEST_HOST = "$(BUILT_PRODUCTS_DIR)/WildHacks2024.app/$(BUNDLE_EXECUTABLE_FOLDER_PATH)/WildHacks2024";
			};
			name = Debug;
		};
		687642F62BBBA68D00FA58E6 /* Release */ = {
			isa = XCBuildConfiguration;
			buildSettings = {
				ALWAYS_EMBED_SWIFT_STANDARD_LIBRARIES = YES;
				BUNDLE_LOADER = "$(TEST_HOST)";
				CODE_SIGN_STYLE = Automatic;
				CURRENT_PROJECT_VERSION = 1;
				GENERATE_INFOPLIST_FILE = YES;
				IPHONEOS_DEPLOYMENT_TARGET = 16.4;
				MARKETING_VERSION = 1.0;
				PRODUCT_BUNDLE_IDENTIFIER = NorthwesternWildHacks2024.WildHacks2024Tests;
				PRODUCT_NAME = "$(TARGET_NAME)";
				SWIFT_EMIT_LOC_STRINGS = NO;
				SWIFT_VERSION = 5.0;
				TARGETED_DEVICE_FAMILY = "1,2";
				TEST_HOST = "$(BUILT_PRODUCTS_DIR)/WildHacks2024.app/$(BUNDLE_EXECUTABLE_FOLDER_PATH)/WildHacks2024";
			};
			name = Release;
		};
		687642F82BBBA68D00FA58E6 /* Debug */ = {
			isa = XCBuildConfiguration;
			buildSettings = {
				ALWAYS_EMBED_SWIFT_STANDARD_LIBRARIES = YES;
				CODE_SIGN_STYLE = Automatic;
				CURRENT_PROJECT_VERSION = 1;
				GENERATE_INFOPLIST_FILE = YES;
				MARKETING_VERSION = 1.0;
				PRODUCT_BUNDLE_IDENTIFIER = NorthwesternWildHacks2024.WildHacks2024UITests;
				PRODUCT_NAME = "$(TARGET_NAME)";
				SWIFT_EMIT_LOC_STRINGS = NO;
				SWIFT_VERSION = 5.0;
				TARGETED_DEVICE_FAMILY = "1,2";
				TEST_TARGET_NAME = WildHacks2024;
			};
			name = Debug;
		};
		687642F92BBBA68D00FA58E6 /* Release */ = {
			isa = XCBuildConfiguration;
			buildSettings = {
				ALWAYS_EMBED_SWIFT_STANDARD_LIBRARIES = YES;
				CODE_SIGN_STYLE = Automatic;
				CURRENT_PROJECT_VERSION = 1;
				GENERATE_INFOPLIST_FILE = YES;
				MARKETING_VERSION = 1.0;
				PRODUCT_BUNDLE_IDENTIFIER = NorthwesternWildHacks2024.WildHacks2024UITests;
				PRODUCT_NAME = "$(TARGET_NAME)";
				SWIFT_EMIT_LOC_STRINGS = NO;
				SWIFT_VERSION = 5.0;
				TARGETED_DEVICE_FAMILY = "1,2";
				TEST_TARGET_NAME = WildHacks2024;
			};
			name = Release;
		};
/* End XCBuildConfiguration section */

/* Begin XCConfigurationList section */
		687642C82BBBA68900FA58E6 /* Build configuration list for PBXProject "WildHacks2024" */ = {
			isa = XCConfigurationList;
			buildConfigurations = (
				687642EF2BBBA68D00FA58E6 /* Debug */,
				687642F02BBBA68D00FA58E6 /* Release */,
			);
			defaultConfigurationIsVisible = 0;
			defaultConfigurationName = Release;
		};
		687642F12BBBA68D00FA58E6 /* Build configuration list for PBXNativeTarget "WildHacks2024" */ = {
			isa = XCConfigurationList;
			buildConfigurations = (
				687642F22BBBA68D00FA58E6 /* Debug */,
				687642F32BBBA68D00FA58E6 /* Release */,
			);
			defaultConfigurationIsVisible = 0;
			defaultConfigurationName = Release;
		};
		687642F42BBBA68D00FA58E6 /* Build configuration list for PBXNativeTarget "WildHacks2024Tests" */ = {
			isa = XCConfigurationList;
			buildConfigurations = (
				687642F52BBBA68D00FA58E6 /* Debug */,
				687642F62BBBA68D00FA58E6 /* Release */,
			);
			defaultConfigurationIsVisible = 0;
			defaultConfigurationName = Release;
		};
		687642F72BBBA68D00FA58E6 /* Build configuration list for PBXNativeTarget "WildHacks2024UITests" */ = {
			isa = XCConfigurationList;
			buildConfigurations = (
				687642F82BBBA68D00FA58E6 /* Debug */,
				687642F92BBBA68D00FA58E6 /* Release */,
			);
			defaultConfigurationIsVisible = 0;
			defaultConfigurationName = Release;
		};
/* End XCConfigurationList section */
	};
	rootObject = 687642C52BBBA68900FA58E6 /* Project object */;
}
